// !$*UTF8*$!
{
	archiveVersion = 1;
	classes = {
	};
	objectVersion = 77;
	objects = {

/* Begin PBXBuildFile section */
		0066730F413092E35EE7349A /* VoiceStore.swift in Sources */ = {isa = PBXBuildFile; fileRef = 7069B2CE2EA525B5B795A725 /* VoiceStore.swift */; };
		00BFDCDE1B11416402E9246D /* StubTransport.swift in Sources */ = {isa = PBXBuildFile; fileRef = 721EB62492752AC989F31DE6 /* StubTransport.swift */; };
		0715F598FCA3CB9830C0247C /* ChatModel.swift in Sources */ = {isa = PBXBuildFile; fileRef = 84954169B7F867C2D068CE23 /* ChatModel.swift */; };
		0B99BC74184CBC298D3F3801 /* SystemStatus.swift in Sources */ = {isa = PBXBuildFile; fileRef = 4693F2CF189F93C51914CA2F /* SystemStatus.swift */; };
		0F08BF91EB74E0C40652382E /* SessionStore.swift in Sources */ = {isa = PBXBuildFile; fileRef = EFF535C7171BFF69B95312CF /* SessionStore.swift */; };
		0F4FBAB1ECC5B03270BAD64D /* MemoryView.swift in Sources */ = {isa = PBXBuildFile; fileRef = C64BF77983452BF5A54020A1 /* MemoryView.swift */; };
		0F8F10D28DCFC316BE4A9CE8 /* NovaAPI.swift in Sources */ = {isa = PBXBuildFile; fileRef = C7BC025DE6DCA7056D192DEF /* NovaAPI.swift */; };
		1987ADA7EDC40A189F3BE3F2 /* ToolsModel.swift in Sources */ = {isa = PBXBuildFile; fileRef = 72AD83A8123632F2B3683CA7 /* ToolsModel.swift */; };
		1E834705B89F92FF8B159AF8 /* HistoryView.swift in Sources */ = {isa = PBXBuildFile; fileRef = 3CB94C7E97D125A1E2180577 /* HistoryView.swift */; };
		28EB39D19CF5F054BD01AFAB /* PrivacyInfo.xcprivacy in Resources */ = {isa = PBXBuildFile; fileRef = 30B6C985392A9981E35EE211 /* PrivacyInfo.xcprivacy */; };
		353DE9EF94CE1622456BD091 /* VoiceTests.swift in Sources */ = {isa = PBXBuildFile; fileRef = A4FA9D42B09A1BA4BD487838 /* VoiceTests.swift */; };
		4194D98E9447FF15D10A99DF /* SettingsView.swift in Sources */ = {isa = PBXBuildFile; fileRef = 2216A5EBCC1192FF9D08E97E /* SettingsView.swift */; };
		42B556F5209794873E45CCE0 /* DashboardView.swift in Sources */ = {isa = PBXBuildFile; fileRef = 2881B09992ECA7757CCAD154 /* DashboardView.swift */; };
		4608FE30EDF6D0CCD7D8BA30 /* ChatView.swift in Sources */ = {isa = PBXBuildFile; fileRef = C81F4F98B003DFC1DD3DA1EE /* ChatView.swift */; };
		47B799409C9A835DCBD3480E /* ServerView.swift in Sources */ = {isa = PBXBuildFile; fileRef = 0F48188DAB74FD4FA1A5176E /* ServerView.swift */; };
		486F7CC0397B01464A41D8DE /* RootView.swift in Sources */ = {isa = PBXBuildFile; fileRef = E0C87A00A66AA6F4B1EA9272 /* RootView.swift */; };
		4CF8B7D3B42EBE128B448831 /* TokenStore.swift in Sources */ = {isa = PBXBuildFile; fileRef = 9378DC3C160BA866B68D2035 /* TokenStore.swift */; };
		5A36410BE25BFCB22D637A9E /* APIClient.swift in Sources */ = {isa = PBXBuildFile; fileRef = 1423E8758C74572D85C4C77E /* APIClient.swift */; };
		5D00954A6C33EC6DC6058064 /* DashboardModel.swift in Sources */ = {isa = PBXBuildFile; fileRef = A9F2D3EBC9621146C4E903F2 /* DashboardModel.swift */; };
		5E4A4C2A9F551408878C9649 /* HistoryModel.swift in Sources */ = {isa = PBXBuildFile; fileRef = C37C444AB817FC3E7AD4BD09 /* HistoryModel.swift */; };
		5EEDE82923E7ADAA3E044B6D /* Conversation.swift in Sources */ = {isa = PBXBuildFile; fileRef = 14C608D6A4C52FBF74298581 /* Conversation.swift */; };
		60DF872F57FF0FE1CB956C42 /* ServerSettingsTests.swift in Sources */ = {isa = PBXBuildFile; fileRef = CB9DC80B7C871BBE18452E58 /* ServerSettingsTests.swift */; };
		64C4C29A07B661F415511E43 /* DecodingTests.swift in Sources */ = {isa = PBXBuildFile; fileRef = 14C938C896ABA16481BC1888 /* DecodingTests.swift */; };
		6CB79593C9553F8FA16EF22E /* APIClientTests.swift in Sources */ = {isa = PBXBuildFile; fileRef = B0A16E235F00567F34007F03 /* APIClientTests.swift */; };
		6ED9155E31FE01301B595705 /* ChatStream.swift in Sources */ = {isa = PBXBuildFile; fileRef = 89806C50FEE0177BFB6BF774 /* ChatStream.swift */; };
		71705248CB6BBC75FFD440DD /* Tool.swift in Sources */ = {isa = PBXBuildFile; fileRef = 536A58A1386FC0C90BFBD39F /* Tool.swift */; };
		7F6FFC796DFE2036DE7351AB /* ChatStreamTests.swift in Sources */ = {isa = PBXBuildFile; fileRef = F0CD22D9E9A529F61B8AE2A2 /* ChatStreamTests.swift */; };
		84882EBAA5A3AC019DDC9FBB /* NOVAApp.swift in Sources */ = {isa = PBXBuildFile; fileRef = 6A0DEE7B42AE7AA9DD27F3D1 /* NOVAApp.swift */; };
		877C3EE7A288355B6E974CC8 /* APIError.swift in Sources */ = {isa = PBXBuildFile; fileRef = 80B775EC84D182AE6E8864D4 /* APIError.swift */; };
		89590938D88AE81F557BDB2F /* ChatTests.swift in Sources */ = {isa = PBXBuildFile; fileRef = 34AB1B510F418016E1418F7F /* ChatTests.swift */; };
		948BE4A410EC31C40AD33888 /* Voice.swift in Sources */ = {isa = PBXBuildFile; fileRef = 134C94BCCDDAF3DA4C634D37 /* Voice.swift */; };
		9F24A190B0CE8C6F8309C48A /* GitHubIntegration.swift in Sources */ = {isa = PBXBuildFile; fileRef = 12D2E8D2BB6E5A77E2469803 /* GitHubIntegration.swift */; };
		A4723F6F10390B66CA906661 /* JSONValue.swift in Sources */ = {isa = PBXBuildFile; fileRef = A99C8B7828406BCBB9C5DEAC /* JSONValue.swift */; };
		A844FF2C3B484E55EBE7B3CC /* ServerSettings.swift in Sources */ = {isa = PBXBuildFile; fileRef = 495CE657B10641BF0E921038 /* ServerSettings.swift */; };
		AA82950F6340C2C27F11D857 /* TimezonePicker.swift in Sources */ = {isa = PBXBuildFile; fileRef = AEF40C84B629118B33791DE5 /* TimezonePicker.swift */; };
		AC104E41968F1A8CCE27F92B /* HistoryTests.swift in Sources */ = {isa = PBXBuildFile; fileRef = 652F4ABFBCCA44425458CC40 /* HistoryTests.swift */; };
		BC6118FC965538C110355C2A /* SignInView.swift in Sources */ = {isa = PBXBuildFile; fileRef = 541CF0AE688FF8B388D0FB56 /* SignInView.swift */; };
		C3B711F847383256F052F515 /* MemoryDecodingTests.swift in Sources */ = {isa = PBXBuildFile; fileRef = 54EFE3DED67B42FC763D6A90 /* MemoryDecodingTests.swift */; };
		C704BCCC7BA2D365A693BDB2 /* TokenStoreTests.swift in Sources */ = {isa = PBXBuildFile; fileRef = DA6C2179053F740428166109 /* TokenStoreTests.swift */; };
		DB5ADC673A6B22C1B478138A /* JSONCoding.swift in Sources */ = {isa = PBXBuildFile; fileRef = 6FCBCEA513BE3CD7E8879605 /* JSONCoding.swift */; };
		E8717E5F09D2BBEB5789FEDD /* Memory.swift in Sources */ = {isa = PBXBuildFile; fileRef = 96C1EBAE0C2536485764AF6A /* Memory.swift */; };
		F3C86CA815408B1BE2040244 /* MemoryModel.swift in Sources */ = {isa = PBXBuildFile; fileRef = 52D39D919704AF3DAA7B168F /* MemoryModel.swift */; };
		F71863FFA2280F33F7510499 /* ToolsView.swift in Sources */ = {isa = PBXBuildFile; fileRef = 4FC66E28C4CFEBDBF7A13792 /* ToolsView.swift */; };
		F9C4AA6FE09E68FC6A427C94 /* SessionStoreTests.swift in Sources */ = {isa = PBXBuildFile; fileRef = 4BB5221AEC4D64DE0F219BF1 /* SessionStoreTests.swift */; };
		F9E073CCB0C9B00BC90E1B37 /* Session.swift in Sources */ = {isa = PBXBuildFile; fileRef = 35A2EDC8DC8EE5D9B33BD5CD /* Session.swift */; };
		FCF855522AF15B0EF91E8972 /* GitHubIntegrationView.swift in Sources */ = {isa = PBXBuildFile; fileRef = DFC82448B11B86780F20E965 /* GitHubIntegrationView.swift */; };
/* End PBXBuildFile section */

/* Begin PBXContainerItemProxy section */
		2CD1F8527F7D5DDE65F65156 /* PBXContainerItemProxy */ = {
			isa = PBXContainerItemProxy;
			containerPortal = E85ABC841E135970C6BF3655 /* Project object */;
			proxyType = 1;
			remoteGlobalIDString = E6A03B79F180D84F90C6AB5A;
			remoteInfo = NOVA;
		};
/* End PBXContainerItemProxy section */

/* Begin PBXFileReference section */
		0F48188DAB74FD4FA1A5176E /* ServerView.swift */ = {isa = PBXFileReference; lastKnownFileType = sourcecode.swift; path = ServerView.swift; sourceTree = "<group>"; };
		12D2E8D2BB6E5A77E2469803 /* GitHubIntegration.swift */ = {isa = PBXFileReference; lastKnownFileType = sourcecode.swift; path = GitHubIntegration.swift; sourceTree = "<group>"; };
		134C94BCCDDAF3DA4C634D37 /* Voice.swift */ = {isa = PBXFileReference; lastKnownFileType = sourcecode.swift; path = Voice.swift; sourceTree = "<group>"; };
		1423E8758C74572D85C4C77E /* APIClient.swift */ = {isa = PBXFileReference; lastKnownFileType = sourcecode.swift; path = APIClient.swift; sourceTree = "<group>"; };
		14C608D6A4C52FBF74298581 /* Conversation.swift */ = {isa = PBXFileReference; lastKnownFileType = sourcecode.swift; path = Conversation.swift; sourceTree = "<group>"; };
		14C938C896ABA16481BC1888 /* DecodingTests.swift */ = {isa = PBXFileReference; lastKnownFileType = sourcecode.swift; path = DecodingTests.swift; sourceTree = "<group>"; };
		2216A5EBCC1192FF9D08E97E /* SettingsView.swift */ = {isa = PBXFileReference; lastKnownFileType = sourcecode.swift; path = SettingsView.swift; sourceTree = "<group>"; };
		2881B09992ECA7757CCAD154 /* DashboardView.swift */ = {isa = PBXFileReference; lastKnownFileType = sourcecode.swift; path = DashboardView.swift; sourceTree = "<group>"; };
		30B6C985392A9981E35EE211 /* PrivacyInfo.xcprivacy */ = {isa = PBXFileReference; path = PrivacyInfo.xcprivacy; sourceTree = "<group>"; };
		34AB1B510F418016E1418F7F /* ChatTests.swift */ = {isa = PBXFileReference; lastKnownFileType = sourcecode.swift; path = ChatTests.swift; sourceTree = "<group>"; };
		35A2EDC8DC8EE5D9B33BD5CD /* Session.swift */ = {isa = PBXFileReference; lastKnownFileType = sourcecode.swift; path = Session.swift; sourceTree = "<group>"; };
		3C8CBAA986434101F019745C /* NOVA.app */ = {isa = PBXFileReference; includeInIndex = 0; lastKnownFileType = wrapper.application; path = NOVA.app; sourceTree = BUILT_PRODUCTS_DIR; };
		3CB94C7E97D125A1E2180577 /* HistoryView.swift */ = {isa = PBXFileReference; lastKnownFileType = sourcecode.swift; path = HistoryView.swift; sourceTree = "<group>"; };
		4693F2CF189F93C51914CA2F /* SystemStatus.swift */ = {isa = PBXFileReference; lastKnownFileType = sourcecode.swift; path = SystemStatus.swift; sourceTree = "<group>"; };
		495CE657B10641BF0E921038 /* ServerSettings.swift */ = {isa = PBXFileReference; lastKnownFileType = sourcecode.swift; path = ServerSettings.swift; sourceTree = "<group>"; };
		49D57CCD96E6DCA0734D32B3 /* NOVATests.xctest */ = {isa = PBXFileReference; includeInIndex = 0; lastKnownFileType = wrapper.cfbundle; path = NOVATests.xctest; sourceTree = BUILT_PRODUCTS_DIR; };
		4BB5221AEC4D64DE0F219BF1 /* SessionStoreTests.swift */ = {isa = PBXFileReference; lastKnownFileType = sourcecode.swift; path = SessionStoreTests.swift; sourceTree = "<group>"; };
		4FC66E28C4CFEBDBF7A13792 /* ToolsView.swift */ = {isa = PBXFileReference; lastKnownFileType = sourcecode.swift; path = ToolsView.swift; sourceTree = "<group>"; };
		52D39D919704AF3DAA7B168F /* MemoryModel.swift */ = {isa = PBXFileReference; lastKnownFileType = sourcecode.swift; path = MemoryModel.swift; sourceTree = "<group>"; };
		536A58A1386FC0C90BFBD39F /* Tool.swift */ = {isa = PBXFileReference; lastKnownFileType = sourcecode.swift; path = Tool.swift; sourceTree = "<group>"; };
		541CF0AE688FF8B388D0FB56 /* SignInView.swift */ = {isa = PBXFileReference; lastKnownFileType = sourcecode.swift; path = SignInView.swift; sourceTree = "<group>"; };
		54EFE3DED67B42FC763D6A90 /* MemoryDecodingTests.swift */ = {isa = PBXFileReference; lastKnownFileType = sourcecode.swift; path = MemoryDecodingTests.swift; sourceTree = "<group>"; };
		652F4ABFBCCA44425458CC40 /* HistoryTests.swift */ = {isa = PBXFileReference; lastKnownFileType = sourcecode.swift; path = HistoryTests.swift; sourceTree = "<group>"; };
		6A0DEE7B42AE7AA9DD27F3D1 /* NOVAApp.swift */ = {isa = PBXFileReference; lastKnownFileType = sourcecode.swift; path = NOVAApp.swift; sourceTree = "<group>"; };
		6FCBCEA513BE3CD7E8879605 /* JSONCoding.swift */ = {isa = PBXFileReference; lastKnownFileType = sourcecode.swift; path = JSONCoding.swift; sourceTree = "<group>"; };
		7069B2CE2EA525B5B795A725 /* VoiceStore.swift */ = {isa = PBXFileReference; lastKnownFileType = sourcecode.swift; path = VoiceStore.swift; sourceTree = "<group>"; };
		721EB62492752AC989F31DE6 /* StubTransport.swift */ = {isa = PBXFileReference; lastKnownFileType = sourcecode.swift; path = StubTransport.swift; sourceTree = "<group>"; };
		72AD83A8123632F2B3683CA7 /* ToolsModel.swift */ = {isa = PBXFileReference; lastKnownFileType = sourcecode.swift; path = ToolsModel.swift; sourceTree = "<group>"; };
		80B775EC84D182AE6E8864D4 /* APIError.swift */ = {isa = PBXFileReference; lastKnownFileType = sourcecode.swift; path = APIError.swift; sourceTree = "<group>"; };
		84954169B7F867C2D068CE23 /* ChatModel.swift */ = {isa = PBXFileReference; lastKnownFileType = sourcecode.swift; path = ChatModel.swift; sourceTree = "<group>"; };
		89806C50FEE0177BFB6BF774 /* ChatStream.swift */ = {isa = PBXFileReference; lastKnownFileType = sourcecode.swift; path = ChatStream.swift; sourceTree = "<group>"; };
		9378DC3C160BA866B68D2035 /* TokenStore.swift */ = {isa = PBXFileReference; lastKnownFileType = sourcecode.swift; path = TokenStore.swift; sourceTree = "<group>"; };
		96C1EBAE0C2536485764AF6A /* Memory.swift */ = {isa = PBXFileReference; lastKnownFileType = sourcecode.swift; path = Memory.swift; sourceTree = "<group>"; };
		A4FA9D42B09A1BA4BD487838 /* VoiceTests.swift */ = {isa = PBXFileReference; lastKnownFileType = sourcecode.swift; path = VoiceTests.swift; sourceTree = "<group>"; };
		A99C8B7828406BCBB9C5DEAC /* JSONValue.swift */ = {isa = PBXFileReference; lastKnownFileType = sourcecode.swift; path = JSONValue.swift; sourceTree = "<group>"; };
		A9F2D3EBC9621146C4E903F2 /* DashboardModel.swift */ = {isa = PBXFileReference; lastKnownFileType = sourcecode.swift; path = DashboardModel.swift; sourceTree = "<group>"; };
		AEF40C84B629118B33791DE5 /* TimezonePicker.swift */ = {isa = PBXFileReference; lastKnownFileType = sourcecode.swift; path = TimezonePicker.swift; sourceTree = "<group>"; };
		B0A16E235F00567F34007F03 /* APIClientTests.swift */ = {isa = PBXFileReference; lastKnownFileType = sourcecode.swift; path = APIClientTests.swift; sourceTree = "<group>"; };
		C37C444AB817FC3E7AD4BD09 /* HistoryModel.swift */ = {isa = PBXFileReference; lastKnownFileType = sourcecode.swift; path = HistoryModel.swift; sourceTree = "<group>"; };
		C64BF77983452BF5A54020A1 /* MemoryView.swift */ = {isa = PBXFileReference; lastKnownFileType = sourcecode.swift; path = MemoryView.swift; sourceTree = "<group>"; };
		C7BC025DE6DCA7056D192DEF /* NovaAPI.swift */ = {isa = PBXFileReference; lastKnownFileType = sourcecode.swift; path = NovaAPI.swift; sourceTree = "<group>"; };
		C81F4F98B003DFC1DD3DA1EE /* ChatView.swift */ = {isa = PBXFileReference; lastKnownFileType = sourcecode.swift; path = ChatView.swift; sourceTree = "<group>"; };
		CB9DC80B7C871BBE18452E58 /* ServerSettingsTests.swift */ = {isa = PBXFileReference; lastKnownFileType = sourcecode.swift; path = ServerSettingsTests.swift; sourceTree = "<group>"; };
		DA6C2179053F740428166109 /* TokenStoreTests.swift */ = {isa = PBXFileReference; lastKnownFileType = sourcecode.swift; path = TokenStoreTests.swift; sourceTree = "<group>"; };
		DFC82448B11B86780F20E965 /* GitHubIntegrationView.swift */ = {isa = PBXFileReference; lastKnownFileType = sourcecode.swift; path = GitHubIntegrationView.swift; sourceTree = "<group>"; };
		E0C87A00A66AA6F4B1EA9272 /* RootView.swift */ = {isa = PBXFileReference; lastKnownFileType = sourcecode.swift; path = RootView.swift; sourceTree = "<group>"; };
		EFF535C7171BFF69B95312CF /* SessionStore.swift */ = {isa = PBXFileReference; lastKnownFileType = sourcecode.swift; path = SessionStore.swift; sourceTree = "<group>"; };
		F0CD22D9E9A529F61B8AE2A2 /* ChatStreamTests.swift */ = {isa = PBXFileReference; lastKnownFileType = sourcecode.swift; path = ChatStreamTests.swift; sourceTree = "<group>"; };
		FA87411E79A8A5ABC695BF24 /* Info.plist */ = {isa = PBXFileReference; lastKnownFileType = text.plist; path = Info.plist; sourceTree = "<group>"; };
/* End PBXFileReference section */

/* Begin PBXGroup section */
		058ADD9CFD4AEE0D37B2DB6E /* Models */ = {
			isa = PBXGroup;
			children = (
				14C608D6A4C52FBF74298581 /* Conversation.swift */,
				12D2E8D2BB6E5A77E2469803 /* GitHubIntegration.swift */,
				A99C8B7828406BCBB9C5DEAC /* JSONValue.swift */,
				96C1EBAE0C2536485764AF6A /* Memory.swift */,
				35A2EDC8DC8EE5D9B33BD5CD /* Session.swift */,
				4693F2CF189F93C51914CA2F /* SystemStatus.swift */,
				536A58A1386FC0C90BFBD39F /* Tool.swift */,
			);
			path = Models;
			sourceTree = "<group>";
		};
		0661CD82E98CCBEC2D5B0B17 /* Chat */ = {
			isa = PBXGroup;
			children = (
				84954169B7F867C2D068CE23 /* ChatModel.swift */,
				C81F4F98B003DFC1DD3DA1EE /* ChatView.swift */,
			);
			path = Chat;
			sourceTree = "<group>";
		};
		066F53CC161026ECFAD0495F = {
			isa = PBXGroup;
			children = (
				0DE432CF46974DA8E6314758 /* NOVA */,
				A8DFFCCC8FEE16D16D8D706C /* NOVATests */,
				ACCBBAA22EA8C2D92A1AC1D1 /* Products */,
			);
			sourceTree = "<group>";
		};
		0DE432CF46974DA8E6314758 /* NOVA */ = {
			isa = PBXGroup;
			children = (
				FA87411E79A8A5ABC695BF24 /* Info.plist */,
				30B6C985392A9981E35EE211 /* PrivacyInfo.xcprivacy */,
				3BFC8685C56579600B6AB6F9 /* App */,
				6E261DD59B79AEDE532CFECC /* Core */,
				7A67719F66787DA03723F2C6 /* Features */,
				058ADD9CFD4AEE0D37B2DB6E /* Models */,
			);
			path = NOVA;
			sourceTree = "<group>";
		};
		1BDA327567DFA4EDBABE5B83 /* Dashboard */ = {
			isa = PBXGroup;
			children = (
				A9F2D3EBC9621146C4E903F2 /* DashboardModel.swift */,
				2881B09992ECA7757CCAD154 /* DashboardView.swift */,
			);
			path = Dashboard;
			sourceTree = "<group>";
		};
		2933559158B20DF5DB35F5B4 /* Auth */ = {
			isa = PBXGroup;
			children = (
				541CF0AE688FF8B388D0FB56 /* SignInView.swift */,
			);
			path = Auth;
			sourceTree = "<group>";
		};
		3BFC8685C56579600B6AB6F9 /* App */ = {
			isa = PBXGroup;
			children = (
				6A0DEE7B42AE7AA9DD27F3D1 /* NOVAApp.swift */,
				E0C87A00A66AA6F4B1EA9272 /* RootView.swift */,
			);
			path = App;
			sourceTree = "<group>";
		};
		6E261DD59B79AEDE532CFECC /* Core */ = {
			isa = PBXGroup;
			children = (
				1423E8758C74572D85C4C77E /* APIClient.swift */,
				80B775EC84D182AE6E8864D4 /* APIError.swift */,
				89806C50FEE0177BFB6BF774 /* ChatStream.swift */,
				6FCBCEA513BE3CD7E8879605 /* JSONCoding.swift */,
				C7BC025DE6DCA7056D192DEF /* NovaAPI.swift */,
				495CE657B10641BF0E921038 /* ServerSettings.swift */,
				EFF535C7171BFF69B95312CF /* SessionStore.swift */,
				9378DC3C160BA866B68D2035 /* TokenStore.swift */,
			);
			path = Core;
			sourceTree = "<group>";
		};
		7A67719F66787DA03723F2C6 /* Features */ = {
			isa = PBXGroup;
			children = (
				2933559158B20DF5DB35F5B4 /* Auth */,
				0661CD82E98CCBEC2D5B0B17 /* Chat */,
				1BDA327567DFA4EDBABE5B83 /* Dashboard */,
				BF0C6630D7AFA4D1791681BB /* Memory */,
				D39C917F5BEBCD1027733876 /* Settings */,
				FD571A92CBCA77BD04F2E02E /* Tools */,
				FB005D3AA5354C7F1674EC41 /* Voice */,
				E35348769C4F46AA34C5CB2E /* History */,
			);
			path = Features;
			sourceTree = "<group>";
		};
		A8DFFCCC8FEE16D16D8D706C /* NOVATests */ = {
			isa = PBXGroup;
			children = (
				B0A16E235F00567F34007F03 /* APIClientTests.swift */,
				F0CD22D9E9A529F61B8AE2A2 /* ChatStreamTests.swift */,
				34AB1B510F418016E1418F7F /* ChatTests.swift */,
				14C938C896ABA16481BC1888 /* DecodingTests.swift */,
				54EFE3DED67B42FC763D6A90 /* MemoryDecodingTests.swift */,
				CB9DC80B7C871BBE18452E58 /* ServerSettingsTests.swift */,
				4BB5221AEC4D64DE0F219BF1 /* SessionStoreTests.swift */,
				721EB62492752AC989F31DE6 /* StubTransport.swift */,
				DA6C2179053F740428166109 /* TokenStoreTests.swift */,
				A4FA9D42B09A1BA4BD487838 /* VoiceTests.swift */,
				652F4ABFBCCA44425458CC40 /* HistoryTests.swift */,
			);
			path = NOVATests;
			sourceTree = "<group>";
		};
		ACCBBAA22EA8C2D92A1AC1D1 /* Products */ = {
			isa = PBXGroup;
			children = (
				3C8CBAA986434101F019745C /* NOVA.app */,
				49D57CCD96E6DCA0734D32B3 /* NOVATests.xctest */,
			);
			name = Products;
			sourceTree = "<group>";
		};
		BF0C6630D7AFA4D1791681BB /* Memory */ = {
			isa = PBXGroup;
			children = (
				52D39D919704AF3DAA7B168F /* MemoryModel.swift */,
				C64BF77983452BF5A54020A1 /* MemoryView.swift */,
			);
			path = Memory;
			sourceTree = "<group>";
		};
		D39C917F5BEBCD1027733876 /* Settings */ = {
			isa = PBXGroup;
			children = (
				DFC82448B11B86780F20E965 /* GitHubIntegrationView.swift */,
				0F48188DAB74FD4FA1A5176E /* ServerView.swift */,
				2216A5EBCC1192FF9D08E97E /* SettingsView.swift */,
				AEF40C84B629118B33791DE5 /* TimezonePicker.swift */,
			);
			path = Settings;
			sourceTree = "<group>";
		};
		E35348769C4F46AA34C5CB2E /* History */ = {
			isa = PBXGroup;
			children = (
				C37C444AB817FC3E7AD4BD09 /* HistoryModel.swift */,
				3CB94C7E97D125A1E2180577 /* HistoryView.swift */,
			);
			path = History;
			sourceTree = "<group>";
		};
		FB005D3AA5354C7F1674EC41 /* Voice */ = {
			isa = PBXGroup;
			children = (
				134C94BCCDDAF3DA4C634D37 /* Voice.swift */,
				7069B2CE2EA525B5B795A725 /* VoiceStore.swift */,
			);
			path = Voice;
			sourceTree = "<group>";
		};
		FD571A92CBCA77BD04F2E02E /* Tools */ = {
			isa = PBXGroup;
			children = (
				72AD83A8123632F2B3683CA7 /* ToolsModel.swift */,
				4FC66E28C4CFEBDBF7A13792 /* ToolsView.swift */,
			);
			path = Tools;
			sourceTree = "<group>";
		};
/* End PBXGroup section */

/* Begin PBXNativeTarget section */
		8C2B296332AA0943857C5C5A /* NOVATests */ = {
			isa = PBXNativeTarget;
			buildConfigurationList = 8A5C92C4B0A5BF9A6F0C9E94 /* Build configuration list for PBXNativeTarget "NOVATests" */;
			buildPhases = (
				2DB7F0A75DDE4C1BA1BE3083 /* Sources */,
			);
			buildRules = (
			);
			dependencies = (
				9CD954F5195EE8A51B4F6038 /* PBXTargetDependency */,
			);
			name = NOVATests;
			packageProductDependencies = (
			);
			productName = NOVATests;
			productReference = 49D57CCD96E6DCA0734D32B3 /* NOVATests.xctest */;
			productType = "com.apple.product-type.bundle.unit-test";
		};
		E6A03B79F180D84F90C6AB5A /* NOVA */ = {
			isa = PBXNativeTarget;
			buildConfigurationList = 07EBF5878F7F355D9C01DD3B /* Build configuration list for PBXNativeTarget "NOVA" */;
			buildPhases = (
				15C5837CB72ABD86B445C919 /* Sources */,
				418E68F559ACB9B760E22BB6 /* Resources */,
			);
			buildRules = (
			);
			dependencies = (
			);
			name = NOVA;
			packageProductDependencies = (
			);
			productName = NOVA;
			productReference = 3C8CBAA986434101F019745C /* NOVA.app */;
			productType = "com.apple.product-type.application";
		};
/* End PBXNativeTarget section */

/* Begin PBXProject section */
		E85ABC841E135970C6BF3655 /* Project object */ = {
			isa = PBXProject;
			attributes = {
				BuildIndependentTargetsInParallel = YES;
				LastUpgradeCheck = 1430;
				TargetAttributes = {
				};
			};
			buildConfigurationList = 6528917F4015ECB7F434AD6E /* Build configuration list for PBXProject "NOVA" */;
			developmentRegion = en;
			hasScannedForEncodings = 0;
			knownRegions = (
				Base,
				en,
			);
			mainGroup = 066F53CC161026ECFAD0495F;
			minimizedProjectReferenceProxies = 1;
			preferredProjectObjectVersion = 77;
			productRefGroup = ACCBBAA22EA8C2D92A1AC1D1 /* Products */;
			projectDirPath = "";
			projectRoot = "";
			targets = (
				E6A03B79F180D84F90C6AB5A /* NOVA */,
				8C2B296332AA0943857C5C5A /* NOVATests */,
			);
		};
/* End PBXProject section */

/* Begin PBXResourcesBuildPhase section */
		418E68F559ACB9B760E22BB6 /* Resources */ = {
			isa = PBXResourcesBuildPhase;
			buildActionMask = 2147483647;
			files = (
				28EB39D19CF5F054BD01AFAB /* PrivacyInfo.xcprivacy in Resources */,
			);
			runOnlyForDeploymentPostprocessing = 0;
		};
/* End PBXResourcesBuildPhase section */

/* Begin PBXSourcesBuildPhase section */
		15C5837CB72ABD86B445C919 /* Sources */ = {
			isa = PBXSourcesBuildPhase;
			buildActionMask = 2147483647;
			files = (
				5A36410BE25BFCB22D637A9E /* APIClient.swift in Sources */,
				877C3EE7A288355B6E974CC8 /* APIError.swift in Sources */,
				0715F598FCA3CB9830C0247C /* ChatModel.swift in Sources */,
				6ED9155E31FE01301B595705 /* ChatStream.swift in Sources */,
				4608FE30EDF6D0CCD7D8BA30 /* ChatView.swift in Sources */,
				5EEDE82923E7ADAA3E044B6D /* Conversation.swift in Sources */,
				5D00954A6C33EC6DC6058064 /* DashboardModel.swift in Sources */,
				42B556F5209794873E45CCE0 /* DashboardView.swift in Sources */,
				9F24A190B0CE8C6F8309C48A /* GitHubIntegration.swift in Sources */,
				FCF855522AF15B0EF91E8972 /* GitHubIntegrationView.swift in Sources */,
				DB5ADC673A6B22C1B478138A /* JSONCoding.swift in Sources */,
				A4723F6F10390B66CA906661 /* JSONValue.swift in Sources */,
				E8717E5F09D2BBEB5789FEDD /* Memory.swift in Sources */,
				F3C86CA815408B1BE2040244 /* MemoryModel.swift in Sources */,
				0F4FBAB1ECC5B03270BAD64D /* MemoryView.swift in Sources */,
				84882EBAA5A3AC019DDC9FBB /* NOVAApp.swift in Sources */,
				0F8F10D28DCFC316BE4A9CE8 /* NovaAPI.swift in Sources */,
				486F7CC0397B01464A41D8DE /* RootView.swift in Sources */,
				A844FF2C3B484E55EBE7B3CC /* ServerSettings.swift in Sources */,
				47B799409C9A835DCBD3480E /* ServerView.swift in Sources */,
				F9E073CCB0C9B00BC90E1B37 /* Session.swift in Sources */,
				0F08BF91EB74E0C40652382E /* SessionStore.swift in Sources */,
				4194D98E9447FF15D10A99DF /* SettingsView.swift in Sources */,
				BC6118FC965538C110355C2A /* SignInView.swift in Sources */,
				0B99BC74184CBC298D3F3801 /* SystemStatus.swift in Sources */,
				AA82950F6340C2C27F11D857 /* TimezonePicker.swift in Sources */,
				4CF8B7D3B42EBE128B448831 /* TokenStore.swift in Sources */,
				71705248CB6BBC75FFD440DD /* Tool.swift in Sources */,
				1987ADA7EDC40A189F3BE3F2 /* ToolsModel.swift in Sources */,
				F71863FFA2280F33F7510499 /* ToolsView.swift in Sources */,
				948BE4A410EC31C40AD33888 /* Voice.swift in Sources */,
				0066730F413092E35EE7349A /* VoiceStore.swift in Sources */,
				5E4A4C2A9F551408878C9649 /* HistoryModel.swift in Sources */,
				1E834705B89F92FF8B159AF8 /* HistoryView.swift in Sources */,
			);
			runOnlyForDeploymentPostprocessing = 0;
		};
		2DB7F0A75DDE4C1BA1BE3083 /* Sources */ = {
			isa = PBXSourcesBuildPhase;
			buildActionMask = 2147483647;
			files = (
				6CB79593C9553F8FA16EF22E /* APIClientTests.swift in Sources */,
				7F6FFC796DFE2036DE7351AB /* ChatStreamTests.swift in Sources */,
				89590938D88AE81F557BDB2F /* ChatTests.swift in Sources */,
				64C4C29A07B661F415511E43 /* DecodingTests.swift in Sources */,
				C3B711F847383256F052F515 /* MemoryDecodingTests.swift in Sources */,
				60DF872F57FF0FE1CB956C42 /* ServerSettingsTests.swift in Sources */,
				F9C4AA6FE09E68FC6A427C94 /* SessionStoreTests.swift in Sources */,
				00BFDCDE1B11416402E9246D /* StubTransport.swift in Sources */,
				C704BCCC7BA2D365A693BDB2 /* TokenStoreTests.swift in Sources */,
				353DE9EF94CE1622456BD091 /* VoiceTests.swift in Sources */,
				AC104E41968F1A8CCE27F92B /* HistoryTests.swift in Sources */,
			);
			runOnlyForDeploymentPostprocessing = 0;
		};
/* End PBXSourcesBuildPhase section */

/* Begin PBXTargetDependency section */
		9CD954F5195EE8A51B4F6038 /* PBXTargetDependency */ = {
			isa = PBXTargetDependency;
			target = E6A03B79F180D84F90C6AB5A /* NOVA */;
			targetProxy = 2CD1F8527F7D5DDE65F65156 /* PBXContainerItemProxy */;
		};
/* End PBXTargetDependency section */

/* Begin XCBuildConfiguration section */
		8F6F147DFEAE9CD7697270E9 /* Debug */ = {
			isa = XCBuildConfiguration;
			buildSettings = {
				ASSETCATALOG_COMPILER_APPICON_NAME = AppIcon;
				CODE_SIGN_IDENTITY = "iPhone Developer";
				CURRENT_PROJECT_VERSION = 1;
				GENERATE_INFOPLIST_FILE = YES;
				INFOPLIST_FILE = NOVA/Info.plist;
				INFOPLIST_KEY_NOVABaseURL = "http://127.0.0.1:8000";
				INFOPLIST_KEY_UIApplicationSceneManifest_Generation = YES;
				INFOPLIST_KEY_UILaunchScreen_Generation = YES;
				INFOPLIST_KEY_UISupportedInterfaceOrientations = UIInterfaceOrientationPortrait;
				LD_RUNPATH_SEARCH_PATHS = (
					"$(inherited)",
					"@executable_path/Frameworks",
				);
				MARKETING_VERSION = 0.1.0;
				PRODUCT_BUNDLE_IDENTIFIER = com.nova.app;
				SDKROOT = iphoneos;
				TARGETED_DEVICE_FAMILY = "1,2";
			};
			name = Debug;
		};
		A92FB8C3E6E006938B24FFEB /* Debug */ = {
			isa = XCBuildConfiguration;
			buildSettings = {
				ALWAYS_SEARCH_USER_PATHS = NO;
				CLANG_ANALYZER_NONNULL = YES;
				CLANG_ANALYZER_NUMBER_OBJECT_CONVERSION = YES_AGGRESSIVE;
				CLANG_CXX_LANGUAGE_STANDARD = "gnu++14";
				CLANG_CXX_LIBRARY = "libc++";
				CLANG_ENABLE_MODULES = YES;
				CLANG_ENABLE_OBJC_ARC = YES;
				CLANG_ENABLE_OBJC_WEAK = YES;
				CLANG_WARN_BLOCK_CAPTURE_AUTORELEASING = YES;
				CLANG_WARN_BOOL_CONVERSION = YES;
				CLANG_WARN_COMMA = YES;
				CLANG_WARN_CONSTANT_CONVERSION = YES;
				CLANG_WARN_DEPRECATED_OBJC_IMPLEMENTATIONS = YES;
				CLANG_WARN_DIRECT_OBJC_ISA_USAGE = YES_ERROR;
				CLANG_WARN_DOCUMENTATION_COMMENTS = YES;
				CLANG_WARN_EMPTY_BODY = YES;
				CLANG_WARN_ENUM_CONVERSION = YES;
				CLANG_WARN_INFINITE_RECURSION = YES;
				CLANG_WARN_INT_CONVERSION = YES;
				CLANG_WARN_NON_LITERAL_NULL_CONVERSION = YES;
				CLANG_WARN_OBJC_IMPLICIT_RETAIN_SELF = YES;
				CLANG_WARN_OBJC_LITERAL_CONVERSION = YES;
				CLANG_WARN_OBJC_ROOT_CLASS = YES_ERROR;
				CLANG_WARN_QUOTED_INCLUDE_IN_FRAMEWORK_HEADER = YES;
				CLANG_WARN_RANGE_LOOP_ANALYSIS = YES;
				CLANG_WARN_STRICT_PROTOTYPES = YES;
				CLANG_WARN_SUSPICIOUS_MOVE = YES;
				CLANG_WARN_UNGUARDED_AVAILABILITY = YES_AGGRESSIVE;
				CLANG_WARN_UNREACHABLE_CODE = YES;
				CLANG_WARN__DUPLICATE_METHOD_MATCH = YES;
				COPY_PHASE_STRIP = NO;
				DEAD_CODE_STRIPPING = YES;
				DEBUG_INFORMATION_FORMAT = dwarf;
				ENABLE_STRICT_OBJC_MSGSEND = YES;
				ENABLE_TESTABILITY = YES;
				ENABLE_USER_SCRIPT_SANDBOXING = YES;
				GCC_C_LANGUAGE_STANDARD = gnu11;
				GCC_DYNAMIC_NO_PIC = NO;
				GCC_NO_COMMON_BLOCKS = YES;
				GCC_OPTIMIZATION_LEVEL = 0;
				GCC_PREPROCESSOR_DEFINITIONS = (
					"$(inherited)",
					"DEBUG=1",
				);
				GCC_WARN_64_TO_32_BIT_CONVERSION = YES;
				GCC_WARN_ABOUT_RETURN_TYPE = YES_ERROR;
				GCC_WARN_UNDECLARED_SELECTOR = YES;
				GCC_WARN_UNINITIALIZED_AUTOS = YES_AGGRESSIVE;
				GCC_WARN_UNUSED_FUNCTION = YES;
				GCC_WARN_UNUSED_VARIABLE = YES;
				IPHONEOS_DEPLOYMENT_TARGET = 18.0;
				MTL_ENABLE_DEBUG_INFO = INCLUDE_SOURCE;
				MTL_FAST_MATH = YES;
				ONLY_ACTIVE_ARCH = YES;
				PRODUCT_NAME = "$(TARGET_NAME)";
				SDKROOT = iphoneos;
				SWIFT_ACTIVE_COMPILATION_CONDITIONS = DEBUG;
				SWIFT_OPTIMIZATION_LEVEL = "-Onone";
				SWIFT_STRICT_CONCURRENCY = complete;
				SWIFT_VERSION = 6.0;
			};
			name = Debug;
		};
		B46D965ED688D3FC0CC0FDB0 /* Debug */ = {
			isa = XCBuildConfiguration;
			buildSettings = {
				BUNDLE_LOADER = "$(TEST_HOST)";
				GENERATE_INFOPLIST_FILE = YES;
				LD_RUNPATH_SEARCH_PATHS = (
					"$(inherited)",
					"@executable_path/Frameworks",
					"@loader_path/Frameworks",
				);
				PRODUCT_BUNDLE_IDENTIFIER = com.nova.app.tests;
				SDKROOT = iphoneos;
				TARGETED_DEVICE_FAMILY = "1,2";
				TEST_HOST = "$(BUILT_PRODUCTS_DIR)/NOVA.app/NOVA";
			};
			name = Debug;
		};
		D3886F037FCCCC3F420D643E /* Release */ = {
			isa = XCBuildConfiguration;
			buildSettings = {
				ALWAYS_SEARCH_USER_PATHS = NO;
				CLANG_ANALYZER_NONNULL = YES;
				CLANG_ANALYZER_NUMBER_OBJECT_CONVERSION = YES_AGGRESSIVE;
				CLANG_CXX_LANGUAGE_STANDARD = "gnu++14";
				CLANG_CXX_LIBRARY = "libc++";
				CLANG_ENABLE_MODULES = YES;
				CLANG_ENABLE_OBJC_ARC = YES;
				CLANG_ENABLE_OBJC_WEAK = YES;
				CLANG_WARN_BLOCK_CAPTURE_AUTORELEASING = YES;
				CLANG_WARN_BOOL_CONVERSION = YES;
				CLANG_WARN_COMMA = YES;
				CLANG_WARN_CONSTANT_CONVERSION = YES;
				CLANG_WARN_DEPRECATED_OBJC_IMPLEMENTATIONS = YES;
				CLANG_WARN_DIRECT_OBJC_ISA_USAGE = YES_ERROR;
				CLANG_WARN_DOCUMENTATION_COMMENTS = YES;
				CLANG_WARN_EMPTY_BODY = YES;
				CLANG_WARN_ENUM_CONVERSION = YES;
				CLANG_WARN_INFINITE_RECURSION = YES;
				CLANG_WARN_INT_CONVERSION = YES;
				CLANG_WARN_NON_LITERAL_NULL_CONVERSION = YES;
				CLANG_WARN_OBJC_IMPLICIT_RETAIN_SELF = YES;
				CLANG_WARN_OBJC_LITERAL_CONVERSION = YES;
				CLANG_WARN_OBJC_ROOT_CLASS = YES_ERROR;
				CLANG_WARN_QUOTED_INCLUDE_IN_FRAMEWORK_HEADER = YES;
				CLANG_WARN_RANGE_LOOP_ANALYSIS = YES;
				CLANG_WARN_STRICT_PROTOTYPES = YES;
				CLANG_WARN_SUSPICIOUS_MOVE = YES;
				CLANG_WARN_UNGUARDED_AVAILABILITY = YES_AGGRESSIVE;
				CLANG_WARN_UNREACHABLE_CODE = YES;
				CLANG_WARN__DUPLICATE_METHOD_MATCH = YES;
				COPY_PHASE_STRIP = NO;
				DEAD_CODE_STRIPPING = YES;
				DEBUG_INFORMATION_FORMAT = "dwarf-with-dsym";
				ENABLE_NS_ASSERTIONS = NO;
				ENABLE_STRICT_OBJC_MSGSEND = YES;
				ENABLE_USER_SCRIPT_SANDBOXING = YES;
				GCC_C_LANGUAGE_STANDARD = gnu11;
				GCC_NO_COMMON_BLOCKS = YES;
				GCC_WARN_64_TO_32_BIT_CONVERSION = YES;
				GCC_WARN_ABOUT_RETURN_TYPE = YES_ERROR;
				GCC_WARN_UNDECLARED_SELECTOR = YES;
				GCC_WARN_UNINITIALIZED_AUTOS = YES_AGGRESSIVE;
				GCC_WARN_UNUSED_FUNCTION = YES;
				GCC_WARN_UNUSED_VARIABLE = YES;
				IPHONEOS_DEPLOYMENT_TARGET = 18.0;
				MTL_ENABLE_DEBUG_INFO = NO;
				MTL_FAST_MATH = YES;
				PRODUCT_NAME = "$(TARGET_NAME)";
				SDKROOT = iphoneos;
				SWIFT_COMPILATION_MODE = wholemodule;
				SWIFT_OPTIMIZATION_LEVEL = "-O";
				SWIFT_STRICT_CONCURRENCY = complete;
				SWIFT_VERSION = 6.0;
			};
			name = Release;
		};
		D3A0107B1AEA8C0C3B6970A4 /* Release */ = {
			isa = XCBuildConfiguration;
			buildSettings = {
				ASSETCATALOG_COMPILER_APPICON_NAME = AppIcon;
				CODE_SIGN_IDENTITY = "iPhone Developer";
				CURRENT_PROJECT_VERSION = 1;
				GENERATE_INFOPLIST_FILE = YES;
				INFOPLIST_FILE = NOVA/Info.plist;
				INFOPLIST_KEY_NOVABaseURL = "";
				INFOPLIST_KEY_UIApplicationSceneManifest_Generation = YES;
				INFOPLIST_KEY_UILaunchScreen_Generation = YES;
				INFOPLIST_KEY_UISupportedInterfaceOrientations = UIInterfaceOrientationPortrait;
				LD_RUNPATH_SEARCH_PATHS = (
					"$(inherited)",
					"@executable_path/Frameworks",
				);
				MARKETING_VERSION = 0.1.0;
				PRODUCT_BUNDLE_IDENTIFIER = com.nova.app;
				SDKROOT = iphoneos;
				TARGETED_DEVICE_FAMILY = "1,2";
			};
			name = Release;
		};
		E8935AB2C211035D1941EE23 /* Release */ = {
			isa = XCBuildConfiguration;
			buildSettings = {
				BUNDLE_LOADER = "$(TEST_HOST)";
				GENERATE_INFOPLIST_FILE = YES;
				LD_RUNPATH_SEARCH_PATHS = (
					"$(inherited)",
					"@executable_path/Frameworks",
					"@loader_path/Frameworks",
				);
				PRODUCT_BUNDLE_IDENTIFIER = com.nova.app.tests;
				SDKROOT = iphoneos;
				TARGETED_DEVICE_FAMILY = "1,2";
				TEST_HOST = "$(BUILT_PRODUCTS_DIR)/NOVA.app/NOVA";
			};
			name = Release;
		};
/* End XCBuildConfiguration section */

/* Begin XCConfigurationList section */
		07EBF5878F7F355D9C01DD3B /* Build configuration list for PBXNativeTarget "NOVA" */ = {
			isa = XCConfigurationList;
			buildConfigurations = (
				8F6F147DFEAE9CD7697270E9 /* Debug */,
				D3A0107B1AEA8C0C3B6970A4 /* Release */,
			);
			defaultConfigurationIsVisible = 0;
			defaultConfigurationName = Debug;
		};
		6528917F4015ECB7F434AD6E /* Build configuration list for PBXProject "NOVA" */ = {
			isa = XCConfigurationList;
			buildConfigurations = (
				A92FB8C3E6E006938B24FFEB /* Debug */,
				D3886F037FCCCC3F420D643E /* Release */,
			);
			defaultConfigurationIsVisible = 0;
			defaultConfigurationName = Debug;
		};
		8A5C92C4B0A5BF9A6F0C9E94 /* Build configuration list for PBXNativeTarget "NOVATests" */ = {
			isa = XCConfigurationList;
			buildConfigurations = (
				B46D965ED688D3FC0CC0FDB0 /* Debug */,
				E8935AB2C211035D1941EE23 /* Release */,
			);
			defaultConfigurationIsVisible = 0;
			defaultConfigurationName = Debug;
		};
/* End XCConfigurationList section */
	};
	rootObject = E85ABC841E135970C6BF3655 /* Project object */;
}
